
Microsoft Visual Studio Solution File, Format Version 12.00
# Visual Studio Version 17
VisualStudioVersion = 17.11.35327.3
MinimumVisualStudioVersion = 10.0.40219.1
Project("{FAE04EC0-301F-11D3-BF4B-00C04F79EFBC}") = "EmailObfuscatorConsoleApp", "EmailObfuscatorConsoleApp\EmailObfuscatorConsoleApp.csproj", "{9F40ED54-1738-4189-811B-978683714BB8}"
EndProject
Project("{9A19103F-16F7-4668-BE54-9A1E7A4F7556}") = "EmailObfuscator", "EmailObfuscator\EmailObfuscator.csproj", "{4AB2D479-7C8A-4A5D-B38A-8BADEDC4DF28}"
EndProject
Project("{2150E333-8FDC-42A3-9474-1A3956D46DE8}") = "Solution Items", "Solution Items", "{7E30BB74-BCC3-4FDF-9874-781F39ED1189}"
	ProjectSection(SolutionItems) = preProject
		README.md = README.md
	EndProjectSection
EndProject
Project("{9A19103F-16F7-4668-BE54-9A1E7A4F7556}") = "EmailObfuscator.Tests", "EmailObfuscator.Tests\EmailObfuscator.Tests.csproj", "{513603D0-A5C2-4929-B460-A09C2287B39B}"
EndProject
Project("{FAE04EC0-301F-11D3-BF4B-00C04F79EFBC}") = "EmailObfuscator.Tests.Legacy", "EmailObfuscator.Tests.Legacy\EmailObfuscator.Tests.Legacy.csproj", "{8EDF4429-251A-416D-BB68-93F227191BCF}"
EndProject
Project("{2150E333-8FDC-42A3-9474-1A3956D46DE8}") = "workflows", "workflows", "{1C45B458-C467-4FF6-BD95-7D20DC297AE3}"
	ProjectSection(SolutionItems) = preProject
		.github\workflows\build.yml = .github\workflows\build.yml
	EndProjectSection
EndProject
Project("{2150E333-8FDC-42A3-9474-1A3956D46DE8}") = ".github", ".github", "{70B26558-1342-432E-A822-AD6E150623EC}"
EndProject
Global
	GlobalSection(SolutionConfigurationPlatforms) = preSolution
		Debug|Any CPU = Debug|Any CPU
		Release|Any CPU = Release|Any CPU
	EndGlobalSection
	GlobalSection(ProjectConfigurationPlatforms) = postSolution
		{9F40ED54-1738-4189-811B-978683714BB8}.Debug|Any CPU.ActiveCfg = Debug|Any CPU
		{9F40ED54-1738-4189-811B-978683714BB8}.Debug|Any CPU.Build.0 = Debug|Any CPU
		{9F40ED54-1738-4189-811B-978683714BB8}.Release|Any CPU.ActiveCfg = Release|Any CPU
		{9F40ED54-1738-4189-811B-978683714BB8}.Release|Any CPU.Build.0 = Release|Any CPU
		{4AB2D479-7C8A-4A5D-B38A-8BADEDC4DF28}.Debug|Any CPU.ActiveCfg = Debug|Any CPU
		{4AB2D479-7C8A-4A5D-B38A-8BADEDC4DF28}.Debug|Any CPU.Build.0 = Debug|Any CPU
		{4AB2D479-7C8A-4A5D-B38A-8BADEDC4DF28}.Release|Any CPU.ActiveCfg = Release|Any CPU
		{4AB2D479-7C8A-4A5D-B38A-8BADEDC4DF28}.Release|Any CPU.Build.0 = Release|Any CPU
		{513603D0-A5C2-4929-B460-A09C2287B39B}.Debug|Any CPU.ActiveCfg = Debug|Any CPU
		{513603D0-A5C2-4929-B460-A09C2287B39B}.Debug|Any CPU.Build.0 = Debug|Any CPU
		{513603D0-A5C2-4929-B460-A09C2287B39B}.Release|Any CPU.ActiveCfg = Release|Any CPU
		{513603D0-A5C2-4929-B460-A09C2287B39B}.Release|Any CPU.Build.0 = Release|Any CPU
		{8EDF4429-251A-416D-BB68-93F227191BCF}.Debug|Any CPU.ActiveCfg = Debug|Any CPU
		{8EDF4429-251A-416D-BB68-93F227191BCF}.Debug|Any CPU.Build.0 = Debug|Any CPU
		{8EDF4429-251A-416D-BB68-93F227191BCF}.Release|Any CPU.ActiveCfg = Release|Any CPU
		{8EDF4429-251A-416D-BB68-93F227191BCF}.Release|Any CPU.Build.0 = Release|Any CPU
	EndGlobalSection
	GlobalSection(SolutionProperties) = preSolution
		HideSolutionNode = FALSE
	EndGlobalSection
	GlobalSection(NestedProjects) = preSolution
		{1C45B458-C467-4FF6-BD95-7D20DC297AE3} = {70B26558-1342-432E-A822-AD6E150623EC}
	EndGlobalSection
	GlobalSection(ExtensibilityGlobals) = postSolution
		SolutionGuid = {5FBC50B5-2268-4488-BC83-450195D80BB8}
	EndGlobalSection
EndGlobal
